
Microsoft Visual Studio Solution File, Format Version 12.00
# Visual Studio Version 16
VisualStudioVersion = 16.0.31624.102
MinimumVisualStudioVersion = 10.0.40219.1
Project("{FAE04EC0-301F-11D3-BF4B-00C04F79EFBC}") = "BookClassLibrary", "BookClassLibrary\BookClassLibrary.csproj", "{A555C388-8D2E-44CB-8FBE-0C613E834854}"
EndProject
Global
	GlobalSection(SolutionConfigurationPlatforms) = preSolution
		Debug|Any CPU = Debug|Any CPU
		Release|Any CPU = Release|Any CPU
	EndGlobalSection
	GlobalSection(ProjectConfigurationPlatforms) = postSolution
		{A555C388-8D2E-44CB-8FBE-0C613E834854}.Debug|Any CPU.ActiveCfg = Debug|Any CPU
		{A555C388-8D2E-44CB-8FBE-0C613E834854}.Debug|Any CPU.Build.0 = Debug|Any CPU
		{A555C388-8D2E-44CB-8FBE-0C613E834854}.Release|Any CPU.ActiveCfg = Release|Any CPU
		{A555C388-8D2E-44CB-8FBE-0C613E834854}.Release|Any CPU.Build.0 = Release|Any CPU
	EndGlobalSection
	GlobalSection(SolutionProperties) = preSolution
		HideSolutionNode = FALSE
	EndGlobalSection
	GlobalSection(ExtensibilityGlobals) = postSolution
		SolutionGuid = {9F615758-BFB3-4A13-8A6F-98F4DE2CDC03}
	EndGlobalSection
EndGlobal
